# THIS IS AN AUTOGENERATED FILE. DO NOT EDIT THIS FILE DIRECTLY.
# yarn lockfile v1


"@esbuild/android-arm64@0.18.14":
  version "0.18.14"
  resolved "https://npm-registry.similarweb.io/repository/similarweb-npm/@esbuild/android-arm64/-/android-arm64-0.18.14.tgz#d86197e6ff965a187b2ea2704915f596a040ed4b"
  integrity sha512-rZ2v+Luba5/3D6l8kofWgTnqE+qsC/L5MleKIKFyllHTKHrNBMqeRCnZI1BtRx8B24xMYxeU32iIddRQqMsOsg==

"@esbuild/android-arm@0.18.14":
  version "0.18.14"
  resolved "https://npm-registry.similarweb.io/repository/similarweb-npm/@esbuild/android-arm/-/android-arm-0.18.14.tgz#ed59310c0e6ec6df8b17e363d33a954ecf870f4f"
  integrity sha512-blODaaL+lngG5bdK/t4qZcQvq2BBqrABmYwqPPcS5VRxrCSGHb9R/rA3fqxh7R18I7WU4KKv+NYkt22FDfalcg==

"@esbuild/android-x64@0.18.14":
  version "0.18.14"
  resolved "https://npm-registry.similarweb.io/repository/similarweb-npm/@esbuild/android-x64/-/android-x64-0.18.14.tgz#e01b387f1db3dd2596a44e8c577aa2609750bc82"
  integrity sha512-qSwh8y38QKl+1Iqg+YhvCVYlSk3dVLk9N88VO71U4FUjtiSFylMWK3Ugr8GC6eTkkP4Tc83dVppt2n8vIdlSGg==

"@esbuild/darwin-arm64@0.18.14":
  version "0.18.14"
  resolved "https://npm-registry.similarweb.io/repository/similarweb-npm/@esbuild/darwin-arm64/-/darwin-arm64-0.18.14.tgz#e92fbdeb9ff209a762cf107df3026c1b3e04ab85"
  integrity sha512-9Hl2D2PBeDYZiNbnRKRWuxwHa9v5ssWBBjisXFkVcSP5cZqzZRFBUWEQuqBHO4+PKx4q4wgHoWtfQ1S7rUqJ2Q==

"@esbuild/darwin-x64@0.18.14":
  version "0.18.14"
  resolved "https://npm-registry.similarweb.io/repository/similarweb-npm/@esbuild/darwin-x64/-/darwin-x64-0.18.14.tgz#bc1884d9f812647e2078fa4c46e4bffec53c7c09"
  integrity sha512-ZnI3Dg4ElQ6tlv82qLc/UNHtFsgZSKZ7KjsUNAo1BF1SoYDjkGKHJyCrYyWjFecmXpvvG/KJ9A/oe0H12odPLQ==

"@esbuild/freebsd-arm64@0.18.14":
  version "0.18.14"
  resolved "https://npm-registry.similarweb.io/repository/similarweb-npm/@esbuild/freebsd-arm64/-/freebsd-arm64-0.18.14.tgz#1fa876f627536b5037f4aed90545ccc330fd509b"
  integrity sha512-h3OqR80Da4oQCIa37zl8tU5MwHQ7qgPV0oVScPfKJK21fSRZEhLE4IIVpmcOxfAVmqjU6NDxcxhYaM8aDIGRLw==

"@esbuild/freebsd-x64@0.18.14":
  version "0.18.14"
  resolved "https://npm-registry.similarweb.io/repository/similarweb-npm/@esbuild/freebsd-x64/-/freebsd-x64-0.18.14.tgz#effaa4c5d7bab695b5e6fae459eaf49121fbc7c3"
  integrity sha512-ha4BX+S6CZG4BoH9tOZTrFIYC1DH13UTCRHzFc3GWX74nz3h/N6MPF3tuR3XlsNjMFUazGgm35MPW5tHkn2lzQ==

"@esbuild/linux-arm64@0.18.14":
  version "0.18.14"
  resolved "https://npm-registry.similarweb.io/repository/similarweb-npm/@esbuild/linux-arm64/-/linux-arm64-0.18.14.tgz#24bb4b1836fe7900e1ffda78aa6875a4eb500e3a"
  integrity sha512-IXORRe22In7U65NZCzjwAUc03nn8SDIzWCnfzJ6t/8AvGx5zBkcLfknI+0P+hhuftufJBmIXxdSTbzWc8X/V4w==

"@esbuild/linux-arm@0.18.14":
  version "0.18.14"
  resolved "https://npm-registry.similarweb.io/repository/similarweb-npm/@esbuild/linux-arm/-/linux-arm-0.18.14.tgz#7f3490320a4627f4c850a8613385bdf3ffb82285"
  integrity sha512-5+7vehI1iqru5WRtJyU2XvTOvTGURw3OZxe3YTdE9muNNIdmKAVmSHpB3Vw2LazJk2ifEdIMt/wTWnVe5V98Kg==

"@esbuild/linux-ia32@0.18.14":
  version "0.18.14"
  resolved "https://npm-registry.similarweb.io/repository/similarweb-npm/@esbuild/linux-ia32/-/linux-ia32-0.18.14.tgz#91f1e82f92ffaff8d72f9d90a0f209022529031a"
  integrity sha512-BfHlMa0nibwpjG+VXbOoqJDmFde4UK2gnW351SQ2Zd4t1N3zNdmUEqRkw/srC1Sa1DRBE88Dbwg4JgWCbNz/FQ==

"@esbuild/linux-loong64@0.18.14":
  version "0.18.14"
  resolved "https://npm-registry.similarweb.io/repository/similarweb-npm/@esbuild/linux-loong64/-/linux-loong64-0.18.14.tgz#cd5cb806af6361578800af79919c5cfd53401a17"
  integrity sha512-j2/Ex++DRUWIAaUDprXd3JevzGtZ4/d7VKz+AYDoHZ3HjJzCyYBub9CU1wwIXN+viOP0b4VR3RhGClsvyt/xSw==

"@esbuild/linux-mips64el@0.18.14":
  version "0.18.14"
  resolved "https://npm-registry.similarweb.io/repository/similarweb-npm/@esbuild/linux-mips64el/-/linux-mips64el-0.18.14.tgz#c635b6c0b8b4f9b4bff3aaafad59fa8cc07b354a"
  integrity sha512-qn2+nc+ZCrJmiicoAnJXJJkZWt8Nwswgu1crY7N+PBR8ChBHh89XRxj38UU6Dkthl2yCVO9jWuafZ24muzDC/A==

"@esbuild/linux-ppc64@0.18.14":
  version "0.18.14"
  resolved "https://npm-registry.similarweb.io/repository/similarweb-npm/@esbuild/linux-ppc64/-/linux-ppc64-0.18.14.tgz#9b2bb80b7e30667a81ffbcddb74ad8e79330cc94"
  integrity sha512-aGzXzd+djqeEC5IRkDKt3kWzvXoXC6K6GyYKxd+wsFJ2VQYnOWE954qV2tvy5/aaNrmgPTb52cSCHFE+Z7Z0yg==

"@esbuild/linux-riscv64@0.18.14":
  version "0.18.14"
  resolved "https://npm-registry.similarweb.io/repository/similarweb-npm/@esbuild/linux-riscv64/-/linux-riscv64-0.18.14.tgz#9520d34a4ecbf404e56f4cebdcc686c83b66babc"
  integrity sha512-8C6vWbfr0ygbAiMFLS6OPz0BHvApkT2gCboOGV76YrYw+sD/MQJzyITNsjZWDXJwPu9tjrFQOVG7zijRzBCnLw==

"@esbuild/linux-s390x@0.18.14":
  version "0.18.14"
  resolved "https://npm-registry.similarweb.io/repository/similarweb-npm/@esbuild/linux-s390x/-/linux-s390x-0.18.14.tgz#3987e30f807b8faf20815b2b2f0a4919084d4e7c"
  integrity sha512-G/Lf9iu8sRMM60OVGOh94ZW2nIStksEcITkXdkD09/T6QFD/o+g0+9WVyR/jajIb3A0LvBJ670tBnGe1GgXMgw==

"@esbuild/linux-x64@0.18.14":
  version "0.18.14"
  resolved "https://npm-registry.similarweb.io/repository/similarweb-npm/@esbuild/linux-x64/-/linux-x64-0.18.14.tgz#51c727dc7045c47ab8c08fe6c09cda3e170d99f3"
  integrity sha512-TBgStYBQaa3EGhgqIDM+ECnkreb0wkcKqL7H6m+XPcGUoU4dO7dqewfbm0mWEQYH3kzFHrzjOFNpSAVzDZRSJw==

"@esbuild/netbsd-x64@0.18.14":
  version "0.18.14"
  resolved "https://npm-registry.similarweb.io/repository/similarweb-npm/@esbuild/netbsd-x64/-/netbsd-x64-0.18.14.tgz#4677bf88b489d5ffe1b5f0abbb85812996455479"
  integrity sha512-stvCcjyCQR2lMTroqNhAbvROqRjxPEq0oQ380YdXxA81TaRJEucH/PzJ/qsEtsHgXlWFW6Ryr/X15vxQiyRXVg==

"@esbuild/openbsd-x64@0.18.14":
  version "0.18.14"
  resolved "https://npm-registry.similarweb.io/repository/similarweb-npm/@esbuild/openbsd-x64/-/openbsd-x64-0.18.14.tgz#939902897e533162450f69266f32ef1325ba98fd"
  integrity sha512-apAOJF14CIsN5ht1PA57PboEMsNV70j3FUdxLmA2liZ20gEQnfTG5QU0FhENo5nwbTqCB2O3WDsXAihfODjHYw==

"@esbuild/sunos-x64@0.18.14":
  version "0.18.14"
  resolved "https://npm-registry.similarweb.io/repository/similarweb-npm/@esbuild/sunos-x64/-/sunos-x64-0.18.14.tgz#a50721d47b93586249bd63250bd4b7496fc9957b"
  integrity sha512-fYRaaS8mDgZcGybPn2MQbn1ZNZx+UXFSUoS5Hd2oEnlsyUcr/l3c6RnXf1bLDRKKdLRSabTmyCy7VLQ7VhGdOQ==

"@esbuild/win32-arm64@0.18.14":
  version "0.18.14"
  resolved "https://npm-registry.similarweb.io/repository/similarweb-npm/@esbuild/win32-arm64/-/win32-arm64-0.18.14.tgz#d8531d370e6fd0e0e40f40e016f996bbe4fd5ebf"
  integrity sha512-1c44RcxKEJPrVj62XdmYhxXaU/V7auELCmnD+Ri+UCt+AGxTvzxl9uauQhrFso8gj6ZV1DaORV0sT9XSHOAk8Q==

"@esbuild/win32-ia32@0.18.14":
  version "0.18.14"
  resolved "https://npm-registry.similarweb.io/repository/similarweb-npm/@esbuild/win32-ia32/-/win32-ia32-0.18.14.tgz#dcbf75e4e65d2921cd4be14ed67cec7360440e46"
  integrity sha512-EXAFttrdAxZkFQmpvcAQ2bywlWUsONp/9c2lcfvPUhu8vXBBenCXpoq9YkUvVP639ld3YGiYx0YUQ6/VQz3Maw==

"@esbuild/win32-x64@0.18.14":
  version "0.18.14"
  resolved "https://npm-registry.similarweb.io/repository/similarweb-npm/@esbuild/win32-x64/-/win32-x64-0.18.14.tgz#43f66032e0f189b6f394d4dbc903a188bb0c969f"
  integrity sha512-K0QjGbcskx+gY+qp3v4/940qg8JitpXbdxFhRDA1aYoNaPff88+aEwoq45aqJ+ogpxQxmU0ZTjgnrQD/w8iiUg==

"@jridgewell/sourcemap-codec@^1.4.13":
  version "1.4.15"
  resolved "https://npm-registry.similarweb.io/repository/similarweb-npm/@jridgewell/sourcemap-codec/-/sourcemap-codec-1.4.15.tgz#d7c6e6755c78567a951e04ab52ef0fd26de59f32"
  integrity sha512-eF2rxCRulEKXHTRiDrDy6erMYWqNw4LPdQ8UQA4huuxaQsVeRPFl2oM8oDGxMFhJUWZf9McpLtJasDDZb/Bpeg==

"@sentry-internal/tracing@7.53.1":
  version "7.53.1"
  resolved "https://npm-registry.similarweb.io/repository/similarweb-npm/@sentry-internal/tracing/-/tracing-7.53.1.tgz#85517ba93ee721424c865706f7ff4eaab1569e6d"
  integrity sha512-a4H4rvVdz0XDGgNfRqc7zg6rMt2P1P05xBmgfIfztYy94Vciw1QMdboNiT7einr8ra8wogdEaK4Pe2AzYAPBJQ==
  dependencies:
    "@sentry/core" "7.53.1"
    "@sentry/types" "7.53.1"
    "@sentry/utils" "7.53.1"
    tslib "^1.9.3"

"@sentry/bundler-plugin-core@2.2.0":
  version "2.2.0"
  resolved "https://npm-registry.similarweb.io/repository/similarweb-npm/@sentry/bundler-plugin-core/-/bundler-plugin-core-2.2.0.tgz#3d9fcc8bc7640b644218f3cbc119f5922bf54c1a"
  integrity sha512-yiN1xsn82npb+4pZCQjJOIts5Ffi+rNLW9GB/kjZDtCkTCIfby5F1WPX9Ofk2MCruMguXSoc/3fi3x4tuXbFkA==
  dependencies:
    "@sentry/cli" "^2.17.0"
    "@sentry/node" "7.53.1"
    find-up "5.0.0"
    glob "9.3.2"
    magic-string "0.27.0"
    unplugin "1.0.1"

"@sentry/cli@^2.17.0":
  version "2.19.4"
  resolved "https://npm-registry.similarweb.io/repository/similarweb-npm/@sentry/cli/-/cli-2.19.4.tgz#d6a07d8224b457a8023b4b2a56b764abb60b53d2"
  integrity sha512-wsSr2O/GVgr/i+DYtie+DNhODyI+HL7F5/0t1HwWMjHJWm4+5XTEauznYgbh2mewkzfUk9+t0CPecA82lEgspg==
  dependencies:
    https-proxy-agent "^5.0.0"
    node-fetch "^2.6.7"
    progress "^2.0.3"
    proxy-from-env "^1.1.0"
    which "^2.0.2"

"@sentry/core@7.53.1":
  version "7.53.1"
  resolved "https://npm-registry.similarweb.io/repository/similarweb-npm/@sentry/core/-/core-7.53.1.tgz#c091a9d7fd010f8a2cb1dd71d949a8e453e35d4c"
  integrity sha512-DAH8IJNORJJ7kQLqsZuhMkN6cwJjXzFuuUoZor7IIDHIHjtl51W+2F3Stg3+I3ZoKDfJfUNKqhipk2WZjG0FBg==
  dependencies:
    "@sentry/types" "7.53.1"
    "@sentry/utils" "7.53.1"
    tslib "^1.9.3"

"@sentry/esbuild-plugin@2.2.0":
  version "2.2.0"
  resolved "https://npm-registry.similarweb.io/repository/similarweb-npm/@sentry/esbuild-plugin/-/esbuild-plugin-2.2.0.tgz#64562bd6f54db78db7e7662197f539cbaa62bd71"
  integrity sha512-1Y20FlJDH7JZH8N8NmXIuLT2F+76cHDXcMtP1Zs77zdZ6KUJsI7RkdBQDu0XAN+5kupqobVUBnIaauqUgeurtA==
  dependencies:
    "@sentry/bundler-plugin-core" "2.2.0"
    unplugin "1.0.1"
    uuid "^9.0.0"

"@sentry/node@7.53.1":
  version "7.53.1"
  resolved "https://npm-registry.similarweb.io/repository/similarweb-npm/@sentry/node/-/node-7.53.1.tgz#d4c47477cf4305e352b511635d1d3d4d160e8bd7"
  integrity sha512-B4ax8sRd54xj4ad+4eY2EOKNt0Mh1NjuLW1zUKS8HW3h0bmuaDFzGuhEVvEY5H4SaV6tZKj1c0dvnMnyUbYkhA==
  dependencies:
    "@sentry-internal/tracing" "7.53.1"
    "@sentry/core" "7.53.1"
    "@sentry/types" "7.53.1"
    "@sentry/utils" "7.53.1"
    cookie "^0.4.1"
    https-proxy-agent "^5.0.0"
    lru_map "^0.3.3"
    tslib "^1.9.3"

"@sentry/types@7.53.1":
  version "7.53.1"
  resolved "https://npm-registry.similarweb.io/repository/similarweb-npm/@sentry/types/-/types-7.53.1.tgz#3eefbad851f2d0deff67285d7e976d23d7d06a41"
  integrity sha512-/ijchRIu+jz3+j/zY+7KRPfLSCY14fTx5xujjbOdmEKjmIHQmwPBdszcQm40uwofrR8taV4hbt5MFN+WnjCkCw==

"@sentry/utils@7.53.1":
  version "7.53.1"
  resolved "https://npm-registry.similarweb.io/repository/similarweb-npm/@sentry/utils/-/utils-7.53.1.tgz#b1f9f1dd4de7127287ad5027c2bd1133c5590486"
  integrity sha512-DKJA1LSUOEv4KOR828MzVuLh+drjeAgzyKgN063OEKmnirgjgRgNNS8wUgwpG0Tn2k6ANZGCwrdfzPeSBxshKg==
  dependencies:
    "@sentry/types" "7.53.1"
    tslib "^1.9.3"

acorn@^8.8.1:
  version "8.10.0"
  resolved "https://npm-registry.similarweb.io/repository/similarweb-npm/acorn/-/acorn-8.10.0.tgz#8be5b3907a67221a81ab23c7889c4c5526b62ec5"
  integrity sha512-F0SAmZ8iUtS//m8DmCTA0jlh6TDKkHQyK6xc6V4KDTyZKA9dnvX9/3sRTVQrWm79glUAZbnmmNcdYwUIHWVybw==

agent-base@6:
  version "6.0.2"
  resolved "https://npm-registry.similarweb.io/repository/similarweb-npm/agent-base/-/agent-base-6.0.2.tgz#49fff58577cfee3f37176feab4c22e00f86d7f77"
  integrity sha512-RZNwNclF7+MS/8bDg70amg32dyeZGZxiDuQmZxKLAlQjr3jGyLx+4Kkk58UO7D2QdgFIQCovuSuZESne6RG6XQ==
  dependencies:
    debug "4"

anymatch@~3.1.2:
  version "3.1.3"
  resolved "https://npm-registry.similarweb.io/repository/similarweb-npm/anymatch/-/anymatch-3.1.3.tgz#790c58b19ba1720a84205b57c618d5ad8524973e"
  integrity sha512-KMReFUr0B4t+D+OBkjR3KYqvocp2XaSzO55UcB6mgQMd3KbcE+mWTyvVV7D/zsdEbNnV6acZUutkiHQXvTr1Rw==
  dependencies:
    normalize-path "^3.0.0"
    picomatch "^2.0.4"

append-type@^1.0.1:
  version "1.0.2"
  resolved "https://npm-registry.similarweb.io/repository/similarweb-npm/append-type/-/append-type-1.0.2.tgz#a492f350e81ddcb46b787fc605becf6dd8bccbf6"
  integrity sha512-hac740vT/SAbrFBLgLIWZqVT5PUAcGTWS5UkDDhr+OCizZSw90WKw6sWAEgGaYd2viIblggypMXwpjzHXOvAQg==

array-to-sentence@^1.1.0:
  version "1.1.0"
  resolved "https://npm-registry.similarweb.io/repository/similarweb-npm/array-to-sentence/-/array-to-sentence-1.1.0.tgz#c804956dafa53232495b205a9452753a258d39fc"
  integrity sha512-YkwkMmPA2+GSGvXj1s9NZ6cc2LBtR+uSeWTy2IGi5MR1Wag4DdrcjTxA/YV/Fw+qKlBeXomneZgThEbm/wvZbw==

assert-valid-glob-opts@^1.0.0:
  version "1.0.0"
  resolved "https://npm-registry.similarweb.io/repository/similarweb-npm/assert-valid-glob-opts/-/assert-valid-glob-opts-1.0.0.tgz#ab9b5438ec5e929f5bb08201819affb1227f730a"
  integrity sha512-/mttty5Xh7wE4o7ttKaUpBJl0l04xWe3y6muy1j27gyzSsnceK0AYU9owPtUoL9z8+9hnPxztmuhdFZ7jRoyWw==
  dependencies:
    glob-option-error "^1.0.0"
    validate-glob-opts "^1.0.0"

balanced-match@^1.0.0:
  version "1.0.2"
  resolved "https://npm-registry.similarweb.io/repository/similarweb-npm/balanced-match/-/balanced-match-1.0.2.tgz#e83e3a7e3f300b34cb9d87f615fa0cbf357690ee"
  integrity sha512-3oSeUO0TMV67hN1AmbXsK4yaqU7tjiHlbxRDZOpH0KW9+CeX4bRAaX0Anxt0tx2MrpRpWwQaPwIlISEJhYU5Pw==

binary-extensions@^2.0.0:
  version "2.2.0"
  resolved "https://npm-registry.similarweb.io/repository/similarweb-npm/binary-extensions/-/binary-extensions-2.2.0.tgz#75f502eeaf9ffde42fc98829645be4ea76bd9e2d"
  integrity sha512-jDctJ/IVQbZoJykoeHbhXpOlNBqGNcwXJKJog42E5HDPUwQTSdjCHdihjj0DlnheQ7blbT6dHOafNAiS8ooQKA==

brace-expansion@^1.1.7:
  version "1.1.11"
  resolved "https://npm-registry.similarweb.io/repository/similarweb-npm/brace-expansion/-/brace-expansion-1.1.11.tgz#3c7fcbf529d87226f3d2f52b966ff5271eb441dd"
  integrity sha512-iCuPHDFgrHX7H2vEI/5xpz07zSHB00TpugqhmYtVmMO6518mCuRMoOYFldEBl0g187ufozdaHgWKcYFb61qGiA==
  dependencies:
    balanced-match "^1.0.0"
    concat-map "0.0.1"

brace-expansion@^2.0.1:
  version "2.0.1"
  resolved "https://npm-registry.similarweb.io/repository/similarweb-npm/brace-expansion/-/brace-expansion-2.0.1.tgz#1edc459e0f0c548486ecf9fc99f2221364b9a0ae"
  integrity sha512-XnAIvQ8eM+kC6aULx6wuQiwVsnzsi9d3WxzV3FpWTGA19F621kwdbsAcFKXgKUHZWsy+mY6iL1sHTxWEFCytDA==
  dependencies:
    balanced-match "^1.0.0"

braces@~3.0.2:
  version "3.0.2"
  resolved "https://npm-registry.similarweb.io/repository/similarweb-npm/braces/-/braces-3.0.2.tgz#3454e1a462ee8d599e236df336cd9ea4f8afe107"
  integrity sha512-b8um+L1RzM3WDSzvhm6gIz1yfTbBt6YTlcEKAvsmqCZZFw46z626lVj9j1yEPW33H5H+lBQpZMP1k8l+78Ha0A==
  dependencies:
    fill-range "^7.0.1"

chokidar@^3.5.3:
  version "3.5.3"
  resolved "https://npm-registry.similarweb.io/repository/similarweb-npm/chokidar/-/chokidar-3.5.3.tgz#1cf37c8707b932bd1af1ae22c0432e2acd1903bd"
  integrity sha512-Dr3sfKRP6oTcjf2JmUmFJfeVMvXBdegxB0iVQ5eb2V10uFJUCAS8OByZdVAyVb8xXNz3GjjTgj9kLWsZTqE6kw==
  dependencies:
    anymatch "~3.1.2"
    braces "~3.0.2"
    glob-parent "~5.1.2"
    is-binary-path "~2.1.0"
    is-glob "~4.0.1"
    normalize-path "~3.0.0"
    readdirp "~3.6.0"
  optionalDependencies:
    fsevents "~2.3.2"

concat-map@0.0.1:
  version "0.0.1"
  resolved "https://npm-registry.similarweb.io/repository/similarweb-npm/concat-map/-/concat-map-0.0.1.tgz#d8a96bd77fd68df7793a73036a3ba0d5405d477b"
  integrity sha512-/Srv4dswyQNBfohGpz9o6Yb3Gz3SrUDqBH5rTuhGR7ahtlbYKnVxw2bCFMRljaA7EXHaXZ8wsHdodFvbkhKmqg==

cookie@^0.4.1:
  version "0.4.2"
  resolved "https://npm-registry.similarweb.io/repository/similarweb-npm/cookie/-/cookie-0.4.2.tgz#0e41f24de5ecf317947c82fc789e06a884824432"
  integrity sha512-aSWTXFzaKWkvHO1Ny/s+ePFpvKsPnjc551iI41v3ny/ow6tBG5Vd+FuqGNhh1LxOmVzOlGUriIlOaokOvhaStA==

debug@4:
  version "4.3.4"
  resolved "https://npm-registry.similarweb.io/repository/similarweb-npm/debug/-/debug-4.3.4.tgz#1319f6579357f2338d3337d2cdd4914bb5dcc865"
  integrity sha512-PRWFHuSU3eDtQJPvnNY7Jcket1j0t5OuOsFzPPzsekD52Zl8qUfFIPEiswXqIvHWGVHOgX+7G/vCNNhehwxfkQ==
  dependencies:
    ms "2.1.2"

esbuild@^0.18.14:
  version "0.18.14"
  resolved "https://npm-registry.similarweb.io/repository/similarweb-npm/esbuild/-/esbuild-0.18.14.tgz#3df4cfef66c55176583359d79fd416ffeb3cdf7e"
  integrity sha512-uNPj5oHPYmj+ZhSQeYQVFZ+hAlJZbAGOmmILWIqrGvPVlNLbyOvU5Bu6Woi8G8nskcx0vwY0iFoMPrzT86Ko+w==
  optionalDependencies:
    "@esbuild/android-arm" "0.18.14"
    "@esbuild/android-arm64" "0.18.14"
    "@esbuild/android-x64" "0.18.14"
    "@esbuild/darwin-arm64" "0.18.14"
    "@esbuild/darwin-x64" "0.18.14"
    "@esbuild/freebsd-arm64" "0.18.14"
    "@esbuild/freebsd-x64" "0.18.14"
    "@esbuild/linux-arm" "0.18.14"
    "@esbuild/linux-arm64" "0.18.14"
    "@esbuild/linux-ia32" "0.18.14"
    "@esbuild/linux-loong64" "0.18.14"
    "@esbuild/linux-mips64el" "0.18.14"
    "@esbuild/linux-ppc64" "0.18.14"
    "@esbuild/linux-riscv64" "0.18.14"
    "@esbuild/linux-s390x" "0.18.14"
    "@esbuild/linux-x64" "0.18.14"
    "@esbuild/netbsd-x64" "0.18.14"
    "@esbuild/openbsd-x64" "0.18.14"
    "@esbuild/sunos-x64" "0.18.14"
    "@esbuild/win32-arm64" "0.18.14"
    "@esbuild/win32-ia32" "0.18.14"
    "@esbuild/win32-x64" "0.18.14"

fill-range@^7.0.1:
  version "7.0.1"
  resolved "https://npm-registry.similarweb.io/repository/similarweb-npm/fill-range/-/fill-range-7.0.1.tgz#1919a6a7c75fe38b2c7c77e5198535da9acdda40"
  integrity sha512-qOo9F+dMUmC2Lcb4BbVvnKJxTPjCm+RRpe4gDuGrzkL7mEVl/djYSu2OdQ2Pa302N4oqkSg9ir6jaLWJ2USVpQ==
  dependencies:
    to-regex-range "^5.0.1"

find-up@5.0.0:
  version "5.0.0"
  resolved "https://npm-registry.similarweb.io/repository/similarweb-npm/find-up/-/find-up-5.0.0.tgz#4c92819ecb7083561e4f4a240a86be5198f536fc"
  integrity sha512-78/PXT1wlLLDgTzDs7sjq9hzz0vXD+zn+7wypEe4fXQxCmdmqfGsEPQxmiCSQI3ajFV91bVSsvNtrJRiW6nGng==
  dependencies:
    locate-path "^6.0.0"
    path-exists "^4.0.0"

fs.realpath@^1.0.0:
  version "1.0.0"
  resolved "https://npm-registry.similarweb.io/repository/similarweb-npm/fs.realpath/-/fs.realpath-1.0.0.tgz#1504ad2523158caa40db4a2787cb01411994ea4f"
  integrity sha512-OO0pH2lK6a0hZnAdau5ItzHPI6pUlvI7jMVnxUQRtw4owF2wk8lOSabtGDCTP4Ggrg2MbGnWO9X8K1t4+fGMDw==

fsevents@~2.3.2:
  version "2.3.2"
  resolved "https://npm-registry.similarweb.io/repository/similarweb-npm/fsevents/-/fsevents-2.3.2.tgz#8a526f78b8fdf4623b709e0b975c52c24c02fd1a"
  integrity sha512-xiqMQR4xAeHTuB9uWm+fFRcIOgKBMiOBP+eXiyT7jsgVCq1bkVygt00oASowB7EdtpOHaaPgKt812P9ab+DDKA==

glob-option-error@^1.0.0:
  version "1.0.0"
  resolved "https://npm-registry.similarweb.io/repository/similarweb-npm/glob-option-error/-/glob-option-error-1.0.0.tgz#57cc65def9c7d5c1461baf13129bb5403cff6176"
  integrity sha512-AD7lbWbwF2Ii9gBQsQIOEzwuqP/jsnyvK27/3JDq1kn/JyfDtYI6AWz3ZQwcPuQdHSBcFh+A2yT/SEep27LOGg==

glob-parent@~5.1.2:
  version "5.1.2"
  resolved "https://npm-registry.similarweb.io/repository/similarweb-npm/glob-parent/-/glob-parent-5.1.2.tgz#869832c58034fe68a4093c17dc15e8340d8401c4"
  integrity sha512-AOIgSQCepiJYwP3ARnGx+5VnTu2HBYdzbGP45eLw1vr3zB3vZLeyed1sC9hnbcOc9/SrMyM5RPQrkGz4aS9Zow==
  dependencies:
    is-glob "^4.0.1"

glob@9.3.2:
  version "9.3.2"
  resolved "https://npm-registry.similarweb.io/repository/similarweb-npm/glob/-/glob-9.3.2.tgz#8528522e003819e63d11c979b30896e0eaf52eda"
  integrity sha512-BTv/JhKXFEHsErMte/AnfiSv8yYOLLiyH2lTg8vn02O21zWFgHPTfxtgn1QRe7NRgggUhC8hacR2Re94svHqeA==
  dependencies:
    fs.realpath "^1.0.0"
    minimatch "^7.4.1"
    minipass "^4.2.4"
    path-scurry "^1.6.1"

glob@^7.1.2, glob@^7.1.3:
  version "7.2.3"
  resolved "https://npm-registry.similarweb.io/repository/similarweb-npm/glob/-/glob-7.2.3.tgz#b8df0fb802bbfa8e89bd1d938b4e16578ed44f2b"
  integrity sha512-nFR0zLpU2YCaRxwoCJvL6UvCH2JFyFVIvwTLsIf21AuHlMskA1hhTdk+LlYJtOlYt9v6dvszD2BGRqBL+iQK9Q==
  dependencies:
    fs.realpath "^1.0.0"
    inflight "^1.0.4"
    inherits "2"
    minimatch "^3.1.1"
    once "^1.3.0"
    path-is-absolute "^1.0.0"

graceful-fs@^4.1.11:
  version "4.2.11"
  resolved "https://npm-registry.similarweb.io/repository/similarweb-npm/graceful-fs/-/graceful-fs-4.2.11.tgz#4183e4e8bf08bb6e05bbb2f7d2e0c8f712ca40e3"
  integrity sha512-RbJ5/jmFcNNCcDV5o9eTnBLJ/HszWV0P73bc+Ff4nS/rJj+YaS6IGyiOL0VoBYX+l1Wrl3k63h/KrH+nhJ0XvQ==

https-proxy-agent@^5.0.0:
  version "5.0.1"
  resolved "https://npm-registry.similarweb.io/repository/similarweb-npm/https-proxy-agent/-/https-proxy-agent-5.0.1.tgz#c59ef224a04fe8b754f3db0063a25ea30d0005d6"
  integrity sha512-dFcAjpTQFgoLMzC2VwU+C/CbS7uRL0lWmxDITmqm7C+7F0Odmj6s9l6alZc6AELXhrnggM2CeWSXHGOdX2YtwA==
  dependencies:
    agent-base "6"
    debug "4"

indexed-filter@^1.0.0:
  version "1.0.3"
  resolved "https://npm-registry.similarweb.io/repository/similarweb-npm/indexed-filter/-/indexed-filter-1.0.3.tgz#7911439191cac588188464640a8db4f6b324973d"
  integrity sha512-oBIzs6EARNMzrLgVg20fK52H19WcRHBiukiiEkw9rnnI//8rinEBMLrYdwEfJ9d4K7bjV1L6nSGft6H/qzHNgQ==
  dependencies:
    append-type "^1.0.1"

inflight@^1.0.4:
  version "1.0.6"
  resolved "https://npm-registry.similarweb.io/repository/similarweb-npm/inflight/-/inflight-1.0.6.tgz#49bd6331d7d02d0c09bc910a1075ba8165b56df9"
  integrity sha512-k92I/b08q4wvFscXCLvqfsHCrjrF7yiXsQuIVvVE7N82W3+aqpzuUdBbfhWcy/FZR3/4IgflMgKLOsvPDrGCJA==
  dependencies:
    once "^1.3.0"
    wrappy "1"

inherits@2:
  version "2.0.4"
  resolved "https://npm-registry.similarweb.io/repository/similarweb-npm/inherits/-/inherits-2.0.4.tgz#0fa2c64f932917c3433a0ded55363aae37416b7c"
  integrity sha512-k/vGaX4/Yla3WzyMCvTQOXYeIHvqOKtnqBduzTHpzpQZzAskKMhZ2K+EnBiSM9zGSoIFeMpXKxa4dYeZIQqewQ==

inspect-with-kind@^1.0.4:
  version "1.0.5"
  resolved "https://npm-registry.similarweb.io/repository/similarweb-npm/inspect-with-kind/-/inspect-with-kind-1.0.5.tgz#fce151d4ce89722c82ca8e9860bb96f9167c316c"
  integrity sha512-MAQUJuIo7Xqk8EVNP+6d3CKq9c80hi4tjIbIAT6lmGW9W6WzlHiu9PS8uSuUYU+Do+j1baiFp3H25XEVxDIG2g==
  dependencies:
    kind-of "^6.0.2"

is-binary-path@~2.1.0:
  version "2.1.0"
  resolved "https://npm-registry.similarweb.io/repository/similarweb-npm/is-binary-path/-/is-binary-path-2.1.0.tgz#ea1f7f3b80f064236e83470f86c09c254fb45b09"
  integrity sha512-ZMERYes6pDydyuGidse7OsHxtbI7WVeUEozgR/g7rd0xUimYNlvZRE/K2MgZTjWy725IfelLeVcEM97mmtRGXw==
  dependencies:
    binary-extensions "^2.0.0"

is-extglob@^2.1.1:
  version "2.1.1"
  resolved "https://npm-registry.similarweb.io/repository/similarweb-npm/is-extglob/-/is-extglob-2.1.1.tgz#a88c02535791f02ed37c76a1b9ea9773c833f8c2"
  integrity sha512-SbKbANkN603Vi4jEZv49LeVJMn4yGwsbzZworEoyEiutsN3nJYdbO36zfhGJ6QEDpOZIFkDtnq5JRxmvl3jsoQ==

is-glob@^4.0.1, is-glob@~4.0.1:
  version "4.0.3"
  resolved "https://npm-registry.similarweb.io/repository/similarweb-npm/is-glob/-/is-glob-4.0.3.tgz#64f61e42cbbb2eec2071a9dac0b28ba1e65d5084"
  integrity sha512-xelSayHH36ZgE7ZWhli7pW34hNbNl8Ojv5KVmkJD4hBdD3th8Tfk9vYasLM+mXWOZhFkgZfxhLSnrwRr4elSSg==
  dependencies:
    is-extglob "^2.1.1"

is-number@^7.0.0:
  version "7.0.0"
  resolved "https://npm-registry.similarweb.io/repository/similarweb-npm/is-number/-/is-number-7.0.0.tgz#7535345b896734d5f80c4d06c50955527a14f12b"
  integrity sha512-41Cifkg6e8TylSpdtTpeLVMqvSBEVzTttHvERD741+pnZ8ANv0004MRL43QKPDlK9cGvNp6NZWZUBlbGXYxxng==

is-plain-obj@^1.1.0:
  version "1.1.0"
  resolved "https://npm-registry.similarweb.io/repository/similarweb-npm/is-plain-obj/-/is-plain-obj-1.1.0.tgz#71a50c8429dfca773c92a390a4a03b39fcd51d3e"
  integrity sha512-yvkRyxmFKEOQ4pNXCmJG5AEQNlXJS5LaONXo5/cLdTZdWvsZ1ioJEonLGAosKlMWE8lwUy/bJzMjcw8az73+Fg==

isexe@^2.0.0:
  version "2.0.0"
  resolved "https://npm-registry.similarweb.io/repository/similarweb-npm/isexe/-/isexe-2.0.0.tgz#e8fbf374dc556ff8947a10dcb0572d633f2cfa10"
  integrity sha512-RHxMLp9lnKHGHRng9QFhRCMbYAcVpn69smSGcq3f36xjgVVWThj4qqLbTLlq7Ssj8B+fIQ1EuCEGI2lKsyQeIw==

kind-of@^6.0.2:
  version "6.0.3"
  resolved "https://npm-registry.similarweb.io/repository/similarweb-npm/kind-of/-/kind-of-6.0.3.tgz#07c05034a6c349fa06e24fa35aa76db4580ce4dd"
  integrity sha512-dcS1ul+9tmeD95T+x28/ehLgd9mENa3LsvDTtzm3vyBEO7RPptvAD+t44WVXaUjTBRcrpFeFlC8WCruUR456hw==

locate-path@^6.0.0:
  version "6.0.0"
  resolved "https://npm-registry.similarweb.io/repository/similarweb-npm/locate-path/-/locate-path-6.0.0.tgz#55321eb309febbc59c4801d931a72452a681d286"
  integrity sha512-iPZK6eYjbxRu3uB4/WZ3EsEIMJFMqAoopl3R+zuq0UjcAm/MO6KCweDgPfP3elTztoKP3KtnVHxTn2NHBSDVUw==
  dependencies:
    p-locate "^5.0.0"

"lru-cache@^9.1.1 || ^10.0.0":
  version "10.0.0"
  resolved "https://npm-registry.similarweb.io/repository/similarweb-npm/lru-cache/-/lru-cache-10.0.0.tgz#b9e2a6a72a129d81ab317202d93c7691df727e61"
  integrity sha512-svTf/fzsKHffP42sujkO/Rjs37BCIsQVRCeNYIm9WN8rgT7ffoUnRtZCqU+6BqcSBdv8gwJeTz8knJpgACeQMw==

lru_map@^0.3.3:
  version "0.3.3"
  resolved "https://npm-registry.similarweb.io/repository/similarweb-npm/lru_map/-/lru_map-0.3.3.tgz#b5c8351b9464cbd750335a79650a0ec0e56118dd"
  integrity sha512-Pn9cox5CsMYngeDbmChANltQl+5pi6XmTrraMSzhPmMBbmgcxmqWry0U3PGapCU1yB4/LqCcom7qhHZiF/jGfQ==

magic-string@0.27.0:
  version "0.27.0"
  resolved "https://npm-registry.similarweb.io/repository/similarweb-npm/magic-string/-/magic-string-0.27.0.tgz#e4a3413b4bab6d98d2becffd48b4a257effdbbf3"
  integrity sha512-8UnnX2PeRAPZuN12svgR9j7M1uWMovg/CEnIwIG0LFkXSJJe4PdfUGiTGl8V9bsBHFUtfVINcSyYxd7q+kx9fA==
  dependencies:
    "@jridgewell/sourcemap-codec" "^1.4.13"

minimatch@^3.1.1:
  version "3.1.2"
  resolved "https://npm-registry.similarweb.io/repository/similarweb-npm/minimatch/-/minimatch-3.1.2.tgz#19cd194bfd3e428f049a70817c038d89ab4be35b"
  integrity sha512-J7p63hRiAjw1NDEww1W7i37+ByIrOWO5XQQAzZ3VOcL0PNybwpfmV/N05zFAzwQ9USyEcX6t3UO+K5aqBQOIHw==
  dependencies:
    brace-expansion "^1.1.7"

minimatch@^7.4.1:
  version "7.4.6"
  resolved "https://npm-registry.similarweb.io/repository/similarweb-npm/minimatch/-/minimatch-7.4.6.tgz#845d6f254d8f4a5e4fd6baf44d5f10c8448365fb"
  integrity sha512-sBz8G/YjVniEz6lKPNpKxXwazJe4c19fEfV2GDMX6AjFz+MX9uDWIZW8XreVhkFW3fkIdTv/gxWr/Kks5FFAVw==
  dependencies:
    brace-expansion "^2.0.1"

minipass@^4.2.4:
  version "4.2.8"
  resolved "https://npm-registry.similarweb.io/repository/similarweb-npm/minipass/-/minipass-4.2.8.tgz#f0010f64393ecfc1d1ccb5f582bcaf45f48e1a3a"
  integrity sha512-fNzuVyifolSLFL4NzpF+wEF4qrgqaaKX0haXPQEdQ7NKAN+WecoKMHV09YcuL/DHxrUsYQOK3MiuDf7Ip2OXfQ==

"minipass@^5.0.0 || ^6.0.2 || ^7.0.0":
  version "7.0.2"
  resolved "https://npm-registry.similarweb.io/repository/similarweb-npm/minipass/-/minipass-7.0.2.tgz#58a82b7d81c7010da5bd4b2c0c85ac4b4ec5131e"
  integrity sha512-eL79dXrE1q9dBbDCLg7xfn/vl7MS4F1gvJAgjJrQli/jbQWdUttuVawphqpffoIYfRdq78LHx6GP4bU/EQ2ATA==

ms@2.1.2:
  version "2.1.2"
  resolved "https://npm-registry.similarweb.io/repository/similarweb-npm/ms/-/ms-2.1.2.tgz#d09d1f357b443f493382a8eb3ccd183872ae6009"
  integrity sha512-sGkPx+VjMtmA6MX27oA4FBFELFCZZ4S4XqeGOXCv68tT+jb3vk/RyaKWP0PTKyWtmLSM0b+adUTEvbs1PEaH2w==

node-fetch@^2.6.7:
  version "2.6.12"
  resolved "https://npm-registry.similarweb.io/repository/similarweb-npm/node-fetch/-/node-fetch-2.6.12.tgz#02eb8e22074018e3d5a83016649d04df0e348fba"
  integrity sha512-C/fGU2E8ToujUivIO0H+tpQ6HWo4eEmchoPIoXtxCrVghxdKq+QOHqEZW7tuP3KlV3bC8FRMO5nMCC7Zm1VP6g==
  dependencies:
    whatwg-url "^5.0.0"

normalize-path@^3.0.0, normalize-path@~3.0.0:
  version "3.0.0"
  resolved "https://npm-registry.similarweb.io/repository/similarweb-npm/normalize-path/-/normalize-path-3.0.0.tgz#0dcd69ff23a1c9b11fd0978316644a0388216a65"
  integrity sha512-6eZs5Ls3WtCisHWp9S2GUy8dqkpGi4BVSz3GaqiE6ezub0512ESztXUwUB6C6IKbQkY2Pnb/mD4WYojCRwcwLA==

once@^1.3.0:
  version "1.4.0"
  resolved "https://npm-registry.similarweb.io/repository/similarweb-npm/once/-/once-1.4.0.tgz#583b1aa775961d4b113ac17d9c50baef9dd76bd1"
  integrity sha512-lNaJgI+2Q5URQBkccEKHTQOPaXdUxnZZElQTZY0MFUAuaEqe1E+Nyvgdz/aIyNi6Z9MzO5dv1H8n58/GELp3+w==
  dependencies:
    wrappy "1"

p-limit@^3.0.2:
  version "3.1.0"
  resolved "https://npm-registry.similarweb.io/repository/similarweb-npm/p-limit/-/p-limit-3.1.0.tgz#e1daccbe78d0d1388ca18c64fea38e3e57e3706b"
  integrity sha512-TYOanM3wGwNGsZN2cVTYPArw454xnXj5qmWF1bEoAc4+cU/ol7GVh7odevjp1FNHduHc3KZMcFduxU5Xc6uJRQ==
  dependencies:
    yocto-queue "^0.1.0"

p-locate@^5.0.0:
  version "5.0.0"
  resolved "https://npm-registry.similarweb.io/repository/similarweb-npm/p-locate/-/p-locate-5.0.0.tgz#83c8315c6785005e3bd021839411c9e110e6d834"
  integrity sha512-LaNjtRWUBY++zB5nE/NwcaoMylSPk+S+ZHNB1TzdbMJMny6dynpAGt7X/tl/QYq3TIeE6nxHppbo2LGymrG5Pw==
  dependencies:
    p-limit "^3.0.2"

path-exists@^4.0.0:
  version "4.0.0"
  resolved "https://npm-registry.similarweb.io/repository/similarweb-npm/path-exists/-/path-exists-4.0.0.tgz#513bdbe2d3b95d7762e8c1137efa195c6c61b5b3"
  integrity sha512-ak9Qy5Q7jYb2Wwcey5Fpvg2KoAc/ZIhLSLOSBmRmygPsGwkVVt0fZa0qrtMz+m6tJTAHfZQ8FnmB4MG4LWy7/w==

path-is-absolute@^1.0.0:
  version "1.0.1"
  resolved "https://npm-registry.similarweb.io/repository/similarweb-npm/path-is-absolute/-/path-is-absolute-1.0.1.tgz#174b9268735534ffbc7ace6bf53a5a9e1b5c5f5f"
  integrity sha512-AVbw3UJ2e9bq64vSaS9Am0fje1Pa8pbGqTTsmXfaIiMpnr5DlDhfJOuLj9Sf95ZPVDAUerDfEk88MPmPe7UCQg==

path-scurry@^1.6.1:
  version "1.10.1"
  resolved "https://npm-registry.similarweb.io/repository/similarweb-npm/path-scurry/-/path-scurry-1.10.1.tgz#9ba6bf5aa8500fe9fd67df4f0d9483b2b0bfc698"
  integrity sha512-MkhCqzzBEpPvxxQ71Md0b1Kk51W01lrYvlMzSUaIzNsODdd7mqhiimSZlr+VegAz5Z6Vzt9Xg2ttE//XBhH3EQ==
  dependencies:
    lru-cache "^9.1.1 || ^10.0.0"
    minipass "^5.0.0 || ^6.0.2 || ^7.0.0"

picomatch@^2.0.4, picomatch@^2.2.1:
  version "2.3.1"
  resolved "https://npm-registry.similarweb.io/repository/similarweb-npm/picomatch/-/picomatch-2.3.1.tgz#3ba3833733646d9d3e4995946c1365a67fb07a42"
  integrity sha512-JU3teHTNjmE2VCGFzuY8EXzCDVwEqB2a8fsIvwaStHhAWJEeVd1o1QD80CU6+ZdEXXSLbSsuLwJjkCBWqRQUVA==

progress@^2.0.3:
  version "2.0.3"
  resolved "https://npm-registry.similarweb.io/repository/similarweb-npm/progress/-/progress-2.0.3.tgz#7e8cf8d8f5b8f239c1bc68beb4eb78567d572ef8"
  integrity sha512-7PiHtLll5LdnKIMw100I+8xJXR5gW2QwWYkT6iJva0bXitZKa/XMrSbdmg3r2Xnaidz9Qumd0VPaMrZlF9V9sA==

proxy-from-env@^1.1.0:
  version "1.1.0"
  resolved "https://npm-registry.similarweb.io/repository/similarweb-npm/proxy-from-env/-/proxy-from-env-1.1.0.tgz#e102f16ca355424865755d2c9e8ea4f24d58c3e2"
  integrity sha512-D+zkORCbA9f1tdWRK0RaCR3GPv50cMxcrz4X8k5LTSUD1Dkw47mKJEZQNunItRTkWwgtaUSo1RVFRIG9ZXiFYg==

readdirp@~3.6.0:
  version "3.6.0"
  resolved "https://npm-registry.similarweb.io/repository/similarweb-npm/readdirp/-/readdirp-3.6.0.tgz#74a370bd857116e245b29cc97340cd431a02a6c7"
  integrity sha512-hOS089on8RduqdbhvQ5Z37A0ESjsqz6qnRcffsMU3495FuTdqSm+7bhJ29JvIOsBDEEnan5DPu9t3To9VRlMzA==
  dependencies:
    picomatch "^2.2.1"

rimraf@^2.6.2:
  version "2.7.1"
  resolved "https://npm-registry.similarweb.io/repository/similarweb-npm/rimraf/-/rimraf-2.7.1.tgz#35797f13a7fdadc566142c29d4f07ccad483e3ec"
  integrity sha512-uWjbaKIK3T1OSVptzX7Nl6PvQ3qAGtKEtVRjRuazjfL3Bx5eI409VZSqgND+4UNnmzLVdPj9FqFJNPqBZFve4w==
  dependencies:
    glob "^7.1.3"

rmfr@^2.0.0:
  version "2.0.0"
  resolved "https://npm-registry.similarweb.io/repository/similarweb-npm/rmfr/-/rmfr-2.0.0.tgz#8a42e81332550b3f0019b8fb8ab245bea81b6d1c"
  integrity sha512-nQptLCZeyyJfgbpf2x97k5YE8vzDn7bhwx9NlvODdhgbU0mL1ruh71X0HYdRaOEvWC7Cr+SfV0p5p+Ib5yOl7A==
  dependencies:
    assert-valid-glob-opts "^1.0.0"
    glob "^7.1.2"
    graceful-fs "^4.1.11"
    inspect-with-kind "^1.0.4"
    rimraf "^2.6.2"

to-regex-range@^5.0.1:
  version "5.0.1"
  resolved "https://npm-registry.similarweb.io/repository/similarweb-npm/to-regex-range/-/to-regex-range-5.0.1.tgz#1648c44aae7c8d988a326018ed72f5b4dd0392e4"
  integrity sha512-65P7iz6X5yEr1cwcgvQxbbIw7Uk3gOy5dIdtZ4rDveLqhrdJP+Li/Hx6tyK0NEb+2GCyneCMJiGqrADCSNk8sQ==
  dependencies:
    is-number "^7.0.0"

tr46@~0.0.3:
  version "0.0.3"
  resolved "https://npm-registry.similarweb.io/repository/similarweb-npm/tr46/-/tr46-0.0.3.tgz#8184fd347dac9cdc185992f3a6622e14b9d9ab6a"
  integrity sha512-N3WMsuqV66lT30CrXNbEjx4GEwlow3v6rr4mCcv6prnfwhS01rkgyFdjPNBYd9br7LpXV1+Emh01fHnq2Gdgrw==

tslib@^1.9.3:
  version "1.14.1"
  resolved "https://npm-registry.similarweb.io/repository/similarweb-npm/tslib/-/tslib-1.14.1.tgz#cf2d38bdc34a134bcaf1091c41f6619e2f672d00"
  integrity sha512-Xni35NKzjgMrwevysHTCArtLDpPvye8zV/0E4EyYn43P7/7qvQwPh9BGkHewbMulVntbigmcT7rdX3BNo9wRJg==

unplugin@1.0.1:
  version "1.0.1"
  resolved "https://npm-registry.similarweb.io/repository/similarweb-npm/unplugin/-/unplugin-1.0.1.tgz#83b528b981cdcea1cad422a12cd02e695195ef3f"
  integrity sha512-aqrHaVBWW1JVKBHmGo33T5TxeL0qWzfvjWokObHA9bYmN7eNDkwOxmLjhioHl9878qDFMAaT51XNroRyuz7WxA==
  dependencies:
    acorn "^8.8.1"
    chokidar "^3.5.3"
    webpack-sources "^3.2.3"
    webpack-virtual-modules "^0.5.0"

uuid@^9.0.0:
  version "9.0.0"
  resolved "https://npm-registry.similarweb.io/repository/similarweb-npm/uuid/-/uuid-9.0.0.tgz#592f550650024a38ceb0c562f2f6aa435761efb5"
  integrity sha512-MXcSTerfPa4uqyzStbRoTgt5XIe3x5+42+q1sDuy3R5MDk66URdLMOZe5aPX/SQd+kuYAh0FdP/pO28IkQyTeg==

validate-glob-opts@^1.0.0:
  version "1.0.2"
  resolved "https://npm-registry.similarweb.io/repository/similarweb-npm/validate-glob-opts/-/validate-glob-opts-1.0.2.tgz#ef9f98977d965537ea4f51fa7d5799e9c6ebca91"
  integrity sha512-3PKjRQq/R514lUcG9OEiW0u9f7D4fP09A07kmk1JbNn2tfeQdAHhlT+A4dqERXKu2br2rrxSM3FzagaEeq9w+A==
  dependencies:
    array-to-sentence "^1.1.0"
    indexed-filter "^1.0.0"
    inspect-with-kind "^1.0.4"
    is-plain-obj "^1.1.0"

webidl-conversions@^3.0.0:
  version "3.0.1"
  resolved "https://npm-registry.similarweb.io/repository/similarweb-npm/webidl-conversions/-/webidl-conversions-3.0.1.tgz#24534275e2a7bc6be7bc86611cc16ae0a5654871"
  integrity sha512-2JAn3z8AR6rjK8Sm8orRC0h/bcl/DqL7tRPdGZ4I1CjdF+EaMLmYxBHyXuKL849eucPFhvBoxMsflfOb8kxaeQ==

webpack-sources@^3.2.3:
  version "3.2.3"
  resolved "https://npm-registry.similarweb.io/repository/similarweb-npm/webpack-sources/-/webpack-sources-3.2.3.tgz#2d4daab8451fd4b240cc27055ff6a0c2ccea0cde"
  integrity sha512-/DyMEOrDgLKKIG0fmvtz+4dUX/3Ghozwgm6iPp8KRhvn+eQf9+Q7GWxVNMk3+uCPWfdXYC4ExGBckIXdFEfH1w==

webpack-virtual-modules@^0.5.0:
  version "0.5.0"
  resolved "https://npm-registry.similarweb.io/repository/similarweb-npm/webpack-virtual-modules/-/webpack-virtual-modules-0.5.0.tgz#362f14738a56dae107937ab98ea7062e8bdd3b6c"
  integrity sha512-kyDivFZ7ZM0BVOUteVbDFhlRt7Ah/CSPwJdi8hBpkK7QLumUqdLtVfm/PX/hkcnrvr0i77fO5+TjZ94Pe+C9iw==

whatwg-url@^5.0.0:
  version "5.0.0"
  resolved "https://npm-registry.similarweb.io/repository/similarweb-npm/whatwg-url/-/whatwg-url-5.0.0.tgz#966454e8765462e37644d3626f6742ce8b70965d"
  integrity sha512-saE57nupxk6v3HY35+jzBwYa0rKSy0XR8JSxZPwgLr7ys0IBzhGviA1/TUGJLmSVqs8pb9AnvICXEuOHLprYTw==
  dependencies:
    tr46 "~0.0.3"
    webidl-conversions "^3.0.0"

which@^2.0.2:
  version "2.0.2"
  resolved "https://npm-registry.similarweb.io/repository/similarweb-npm/which/-/which-2.0.2.tgz#7c6a8dd0a636a0327e10b59c9286eee93f3f51b1"
  integrity sha512-BLI3Tl1TW3Pvl70l3yq3Y64i+awpwXqsGBYWkkqMtnbXgrMD+yj7rhW0kuEDxzJaYXGjEW5ogapKNMEKNMjibA==
  dependencies:
    isexe "^2.0.0"

wrappy@1:
  version "1.0.2"
  resolved "https://npm-registry.similarweb.io/repository/similarweb-npm/wrappy/-/wrappy-1.0.2.tgz#b5243d8f3ec1aa35f1364605bc0d1036e30ab69f"
  integrity sha512-l4Sp/DRseor9wL6EvV2+TuQn63dMkPjZ/sp9XkghTEbV9KlPS1xUsZ3u7/IQO4wxtcFB4bgpQPRcR3QCvezPcQ==

yocto-queue@^0.1.0:
  version "0.1.0"
  resolved "https://npm-registry.similarweb.io/repository/similarweb-npm/yocto-queue/-/yocto-queue-0.1.0.tgz#0294eb3dee05028d31ee1a5fa2c556a6aaf10a1b"
  integrity sha512-rVksvsnNCdJ/ohGc6xgPwyN8eheCxsiLM8mxuE/t/mOVqJewPuO1miLpTHQiRgTKCLexL4MeAFVagts7HmNZ2Q==
